{
  "name": "@swimlane/ngx-charts",
  "version": "14.0.0",
  "lockfileVersion": 1,
  "requires": true,
  "dependencies": {
    "@interactjs/actions": {
      "version": "1.9.10",
      "resolved": "https://registry.npmjs.org/@interactjs/actions/-/actions-1.9.10.tgz",
      "integrity": "sha512-UNldqA+Dr/ZgmIwQ0ORrIwxbUtdTRPa6cVjMtCY1DKZTje84WTwLSt8gJ8m6lZ1fPV/g3bboICMehIqVwzphuA==",
      "requires": {
        "@interactjs/interact": "1.9.10"
      }
    },
    "@interactjs/arrange": {
      "version": "1.9.10",
      "resolved": "https://registry.npmjs.org/@interactjs/arrange/-/arrange-1.9.10.tgz",
      "integrity": "sha512-Y4QBqAPSXrDR2stnM8qUyWHvpfN5ouKu552UzmSjuyTLJl4chhoS5gvk/eQKgZRiQ9nzNsEsH6eqg1LJLQzY8Q=="
    },
    "@interactjs/auto-scroll": {
      "version": "1.9.10",
      "resolved": "https://registry.npmjs.org/@interactjs/auto-scroll/-/auto-scroll-1.9.10.tgz",
      "integrity": "sha512-uWr0MnFJW9PsKWiH9Vvg70QxHHrIs3/8Stt/RQdys/x9kfD+oah6kWiE4lk5eQ+KdAIJHO5UscgxsgdMYUbC3w==",
      "requires": {
        "@interactjs/interact": "1.9.10"
      }
    },
    "@interactjs/auto-start": {
      "version": "1.9.10",
      "resolved": "https://registry.npmjs.org/@interactjs/auto-start/-/auto-start-1.9.10.tgz",
      "integrity": "sha512-ofpvo0mLehP0z9v/529XvRppsk74AnqVbiK19ucDiEQbRMZvQ9G06RA05lpLqpqwE8wMrXiZgjp+c9IwGVgb5w==",
      "requires": {
        "@interactjs/interact": "1.9.10"
      }
    },
    "@interactjs/clone": {
      "version": "1.9.10",
      "resolved": "https://registry.npmjs.org/@interactjs/clone/-/clone-1.9.10.tgz",
      "integrity": "sha512-8cobU6/wVa69ASiqz+XBfBPvTjCsAvBFv3qn+xdoYPcu256VP/0nXy2NlU0NTLUzOqd5Gn6jFQWLJZCoAc/p5Q=="
    },
    "@interactjs/components": {
      "version": "1.9.10",
      "resolved": "https://registry.npmjs.org/@interactjs/components/-/components-1.9.10.tgz",
      "integrity": "sha512-wqRN5/u28/201jqataNo0zjL2ZZgznCnmA+NaDWHaQu9ZQWMMzGfh4u1InL6/ZT0oI2e6waCPSHFg2M0suOkeA=="
    },
    "@interactjs/core": {
      "version": "1.9.10",
      "resolved": "https://registry.npmjs.org/@interactjs/core/-/core-1.9.10.tgz",
      "integrity": "sha512-7IiIiJO48kgaDgF3admWlTYRWzt2vSREHdjcLsYwqpnewfBlMtVP/zYnFdsucCXFd+3kqG59K2XB2KndcutU7A=="
    },
    "@interactjs/dev-tools": {
      "version": "1.9.10",
      "resolved": "https://registry.npmjs.org/@interactjs/dev-tools/-/dev-tools-1.9.10.tgz",
      "integrity": "sha512-m+MTQfyyUSpygTrYBlKejIw2yqIMBb2wY7PPYcCzRM4KtVBNKaiTYA4u1R2waozeD9HGjms0UU0gmrbaIgHVfA==",
      "requires": {
        "@interactjs/interact": "1.9.10",
        "@interactjs/utils": "1.9.10"
      }
    },
    "@interactjs/feedback": {
      "version": "1.9.10",
      "resolved": "https://registry.npmjs.org/@interactjs/feedback/-/feedback-1.9.10.tgz",
      "integrity": "sha512-yw9ugzG+J1EwglQPEinMT5eOhBJxSRm1/+wdJGHiYZ+U4RjUvZm2Kfn47LnMHDAqAjeNHn8IzSJt0BOruuNm/g=="
    },
    "@interactjs/inertia": {
      "version": "1.9.10",
      "resolved": "https://registry.npmjs.org/@interactjs/inertia/-/inertia-1.9.10.tgz",
      "integrity": "sha512-dJum2maDbdFLkeZeCN3F9tFWDLzLnhcVLvTwYQmNXb2xXV33fkeImpL5MnZlA8xas5bdz9veUYFcwQs2+FVdKg==",
      "requires": {
        "@interactjs/interact": "1.9.10",
        "@interactjs/offset": "1.9.10"
      }
    },
    "@interactjs/interact": {
      "version": "1.9.10",
      "resolved": "https://registry.npmjs.org/@interactjs/interact/-/interact-1.9.10.tgz",
      "integrity": "sha512-ZwpCuT5HAH0IBFFEU1ahL5RxzWH3hX7dH1Ji3FwdSrkSavYiSgXZMJbNQu2rdF7QevFTJaZ/ShrHCGAqxPLMEQ==",
      "requires": {
        "@interactjs/core": "1.9.10",
        "@interactjs/types": "1.9.10",
        "@interactjs/utils": "1.9.10"
      }
    },
    "@interactjs/interactjs": {
      "version": "1.9.10",
      "resolved": "https://registry.npmjs.org/@interactjs/interactjs/-/interactjs-1.9.10.tgz",
      "integrity": "sha512-bwsQ9IKxq3MbLZhzmk7mb6YddI1Aqogd0mffSea0oZV8eSBB1uKcWBzzSTg1Q5j4YP4jY7UmkAGkSMv1IIDq/g==",
      "requires": {
        "@interactjs/actions": "1.9.10",
        "@interactjs/arrange": "1.9.10",
        "@interactjs/auto-scroll": "1.9.10",
        "@interactjs/auto-start": "1.9.10",
        "@interactjs/clone": "1.9.10",
        "@interactjs/components": "1.9.10",
        "@interactjs/core": "1.9.10",
        "@interactjs/dev-tools": "1.9.10",
        "@interactjs/feedback": "1.9.10",
        "@interactjs/inertia": "1.9.10",
        "@interactjs/interact": "1.9.10",
        "@interactjs/modifiers": "1.9.10",
        "@interactjs/multi-target": "1.9.10",
        "@interactjs/offset": "1.9.10",
        "@interactjs/pointer-events": "1.9.10",
        "@interactjs/reflow": "1.9.10",
        "@interactjs/types": "1.9.10",
        "@interactjs/utils": "1.9.10",
        "@interactjs/vue": "1.9.10"
      }
    },
    "@interactjs/modifiers": {
      "version": "1.9.10",
      "resolved": "https://registry.npmjs.org/@interactjs/modifiers/-/modifiers-1.9.10.tgz",
      "integrity": "sha512-3PzNY+Nv+V9m0pjSv3BrL9Iaxudp71RwmcuYvayXpJAF7axWx59765zQYEvnDKq4gURAIEQPWQz6UIGXfBxkfA==",
      "requires": {
        "@interactjs/interact": "1.9.10",
        "@interactjs/snappers": "1.9.10"
      }
    },
    "@interactjs/multi-target": {
      "version": "1.9.10",
      "resolved": "https://registry.npmjs.org/@interactjs/multi-target/-/multi-target-1.9.10.tgz",
      "integrity": "sha512-Y/T6QfmJ3qQF6T4pQ0uReWshXGikDzKmDsYXIKvJfOJVy+obNIglRgSDZiNPZXNM2B2nHhvSOYtrQ1g9zCRN1w=="
    },
    "@interactjs/offset": {
      "version": "1.9.10",
      "resolved": "https://registry.npmjs.org/@interactjs/offset/-/offset-1.9.10.tgz",
      "integrity": "sha512-nO7IL2GvP1Yq1kewOFrMqtAnOMgUXEhNxbgMpQgsjki/drR5MHcWMgvYbnZiexH9rBrHG57JKtEZyzrtuhDamw==",
      "requires": {
        "@interactjs/interact": "1.9.10"
      }
    },
    "@interactjs/pointer-events": {
      "version": "1.9.10",
      "resolved": "https://registry.npmjs.org/@interactjs/pointer-events/-/pointer-events-1.9.10.tgz",
      "integrity": "sha512-ykvKaqv2IKs+6MkPrFgUXly67WSeJdOVWk/JplczfRa0LPKdUPemAIKTj0E4k2EY52VGvc7qW/1IexMNNGqpLA==",
      "requires": {
        "@interactjs/interact": "1.9.10"
      }
    },
    "@interactjs/reflow": {
      "version": "1.9.10",
      "resolved": "https://registry.npmjs.org/@interactjs/reflow/-/reflow-1.9.10.tgz",
      "integrity": "sha512-EiH1rT2/uz4pKABXm7bqxolNVRk5oem6jC6Xh9diLzSaVhlfzoHaXgvg222pZqRQlqC36MOC5qfdYk3aRf7qtA==",
      "requires": {
        "@interactjs/interact": "1.9.10"
      }
    },
    "@interactjs/snappers": {
      "version": "1.9.10",
      "resolved": "https://registry.npmjs.org/@interactjs/snappers/-/snappers-1.9.10.tgz",
      "integrity": "sha512-tQjhNB8CJzQbQ/CiNn5uu4nuPvpfjKhjlDNilopEpx+pAa6ON3sPoRVFGNQIJBnvF+4cjfwOFEmjevc4sVQpjQ=="
    },
    "@interactjs/symbol-tree": {
      "version": "1.9.10",
      "resolved": "https://registry.npmjs.org/@interactjs/symbol-tree/-/symbol-tree-1.9.10.tgz",
      "integrity": "sha512-N29utK+fNlHdn4nTEju43nxglbGj1yvuDOkfbVZWrHYzN2+uGbN7QLJ2JhHtqlrFbE3/rlXNrpDbRtr/Cut1AA=="
    },
    "@interactjs/types": {
      "version": "1.9.10",
      "resolved": "https://registry.npmjs.org/@interactjs/types/-/types-1.9.10.tgz",
      "integrity": "sha512-5F/lKbwYkRVJo85U0zu6o0xGDy48nH+LcBWKXbIZHLwcEMed+e2IjNbptPVQ1rW7e8d7XU/rUsyClDoxGVt01Q==",
      "requires": {
        "@interactjs/actions": "1.9.10",
        "@interactjs/arrange": "1.9.10",
        "@interactjs/auto-scroll": "1.9.10",
        "@interactjs/auto-start": "1.9.10",
        "@interactjs/core": "1.9.10",
        "@interactjs/dev-tools": "1.9.10",
        "@interactjs/inertia": "1.9.10",
        "@interactjs/modifiers": "1.9.10",
        "@interactjs/pointer-events": "1.9.10",
        "@interactjs/reflow": "1.9.10",
        "@interactjs/snappers": "1.9.10",
        "@interactjs/symbol-tree": "1.9.10",
        "@interactjs/utils": "1.9.10"
      }
    },
    "@interactjs/utils": {
      "version": "1.9.10",
      "resolved": "https://registry.npmjs.org/@interactjs/utils/-/utils-1.9.10.tgz",
      "integrity": "sha512-AnDnCsmSMxFfqneso/VS3SKCmfOqII9nzHWIBhiCutDluDCbleMtEo6MBU9YUvUEFWUSuZwcN54ZMdQnQMuLoQ=="
    },
    "@interactjs/vue": {
      "version": "1.9.10",
      "resolved": "https://registry.npmjs.org/@interactjs/vue/-/vue-1.9.10.tgz",
      "integrity": "sha512-+gkXvMfqHTj57QlA0kGp6O0WcC36bDVo8raTfRtlWNd7tATkV5efIsXxPskTHkZx3gmH6SLqzHIZC7zSy80LvQ=="
    },
    "d3-array": {
      "version": "2.4.0",
      "resolved": "https://registry.npmjs.org/d3-array/-/d3-array-2.4.0.tgz",
      "integrity": "sha512-KQ41bAF2BMakf/HdKT865ALd4cgND6VcIztVQZUTt0+BH3RWy6ZYnHghVXf6NFjt2ritLr8H1T8LreAAlfiNcw=="
    },
    "d3-brush": {
      "version": "1.1.5",
      "resolved": "https://registry.npmjs.org/d3-brush/-/d3-brush-1.1.5.tgz",
      "integrity": "sha512-rEaJ5gHlgLxXugWjIkolTA0OyMvw8UWU1imYXy1v642XyyswmI1ybKOv05Ft+ewq+TFmdliD3VuK0pRp1VT/5A==",
      "requires": {
        "d3-dispatch": "1",
        "d3-drag": "1",
        "d3-interpolate": "1",
        "d3-selection": "1",
        "d3-transition": "1"
      }
    },
    "d3-color": {
      "version": "1.4.0",
      "resolved": "https://registry.npmjs.org/d3-color/-/d3-color-1.4.0.tgz",
      "integrity": "sha512-TzNPeJy2+iEepfiL92LAAB7fvnp/dV2YwANPVHdDWmYMm23qIJBYww3qT8I8C1wXrmrg4UWs7BKc2tKIgyjzHg=="
    },
    "d3-dispatch": {
      "version": "1.0.6",
      "resolved": "https://registry.npmjs.org/d3-dispatch/-/d3-dispatch-1.0.6.tgz",
      "integrity": "sha512-fVjoElzjhCEy+Hbn8KygnmMS7Or0a9sI2UzGwoB7cCtvI1XpVN9GpoYlnb3xt2YV66oXYb1fLJ8GMvP4hdU1RA=="
    },
    "d3-drag": {
      "version": "1.2.5",
      "resolved": "https://registry.npmjs.org/d3-drag/-/d3-drag-1.2.5.tgz",
      "integrity": "sha512-rD1ohlkKQwMZYkQlYVCrSFxsWPzI97+W+PaEIBNTMxRuxz9RF0Hi5nJWHGVJ3Om9d2fRTe1yOBINJyy/ahV95w==",
      "requires": {
        "d3-dispatch": "1",
        "d3-selection": "1"
      }
    },
    "d3-ease": {
      "version": "1.0.6",
      "resolved": "https://registry.npmjs.org/d3-ease/-/d3-ease-1.0.6.tgz",
      "integrity": "sha512-SZ/lVU7LRXafqp7XtIcBdxnWl8yyLpgOmzAk0mWBI9gXNzLDx5ybZgnRbH9dN/yY5tzVBqCQ9avltSnqVwessQ=="
    },
    "d3-format": {
      "version": "1.4.2",
      "resolved": "https://registry.npmjs.org/d3-format/-/d3-format-1.4.2.tgz",
      "integrity": "sha512-gco1Ih54PgMsyIXgttLxEhNy/mXxq8+rLnCb5shQk+P5TsiySrwWU5gpB4zen626J4LIwBxHvDChyA8qDm57ww=="
    },
    "d3-hierarchy": {
      "version": "1.1.9",
      "resolved": "https://registry.npmjs.org/d3-hierarchy/-/d3-hierarchy-1.1.9.tgz",
      "integrity": "sha512-j8tPxlqh1srJHAtxfvOUwKNYJkQuBFdM1+JAUfq6xqH5eAqf93L7oG1NVqDa4CpFZNvnNKtCYEUC8KY9yEn9lQ=="
    },
    "d3-interpolate": {
      "version": "1.4.0",
      "resolved": "https://registry.npmjs.org/d3-interpolate/-/d3-interpolate-1.4.0.tgz",
      "integrity": "sha512-V9znK0zc3jOPV4VD2zZn0sDhZU3WAE2bmlxdIwwQPPzPjvyLkd8B3JUVdS1IDUFDkWZ72c9qnv1GK2ZagTZ8EA==",
      "requires": {
        "d3-color": "1"
      }
    },
    "d3-path": {
      "version": "1.0.9",
      "resolved": "https://registry.npmjs.org/d3-path/-/d3-path-1.0.9.tgz",
      "integrity": "sha512-VLaYcn81dtHVTjEHd8B+pbe9yHWpXKZUC87PzoFmsFrJqgFwDe/qxfp5MlfsfM1V5E/iVt0MmEbWQ7FVIXh/bg=="
    },
    "d3-scale": {
      "version": "3.2.1",
      "resolved": "https://registry.npmjs.org/d3-scale/-/d3-scale-3.2.1.tgz",
      "integrity": "sha512-huz5byJO/6MPpz6Q8d4lg7GgSpTjIZW/l+1MQkzKfu2u8P6hjaXaStOpmyrD6ymKoW87d2QVFCKvSjLwjzx/rA==",
      "requires": {
        "d3-array": "1.2.0 - 2",
        "d3-format": "1",
        "d3-interpolate": "^1.2.0",
        "d3-time": "1",
        "d3-time-format": "2"
      }
    },
    "d3-selection": {
      "version": "1.4.1",
      "resolved": "https://registry.npmjs.org/d3-selection/-/d3-selection-1.4.1.tgz",
      "integrity": "sha512-BTIbRjv/m5rcVTfBs4AMBLKs4x8XaaLkwm28KWu9S2vKNqXkXt2AH2Qf0sdPZHjFxcWg/YL53zcqAz+3g4/7PA=="
    },
    "d3-shape": {
      "version": "1.3.7",
      "resolved": "https://registry.npmjs.org/d3-shape/-/d3-shape-1.3.7.tgz",
      "integrity": "sha512-EUkvKjqPFUAZyOlhY5gzCxCeI0Aep04LwIRpsZ/mLFelJiUfnK56jo5JMDSE7yyP2kLSb6LtF+S5chMk7uqPqw==",
      "requires": {
        "d3-path": "1"
      }
    },
    "d3-time": {
      "version": "1.1.0",
      "resolved": "https://registry.npmjs.org/d3-time/-/d3-time-1.1.0.tgz",
      "integrity": "sha512-Xh0isrZ5rPYYdqhAVk8VLnMEidhz5aP7htAADH6MfzgmmicPkTo8LhkLxci61/lCB7n7UmE3bN0leRt+qvkLxA=="
    },
    "d3-time-format": {
      "version": "2.2.2",
      "resolved": "https://registry.npmjs.org/d3-time-format/-/d3-time-format-2.2.2.tgz",
      "integrity": "sha512-pweL2Ri2wqMY+wlW/wpkl8T3CUzKAha8S9nmiQlMABab8r5MJN0PD1V4YyRNVaKQfeh4Z0+VO70TLw6ESVOYzw==",
      "requires": {
        "d3-time": "1"
      }
    },
    "d3-timer": {
      "version": "1.0.10",
      "resolved": "https://registry.npmjs.org/d3-timer/-/d3-timer-1.0.10.tgz",
      "integrity": "sha512-B1JDm0XDaQC+uvo4DT79H0XmBskgS3l6Ve+1SBCfxgmtIb1AVrPIoqd+nPSv+loMX8szQ0sVUhGngL7D5QPiXw=="
    },
    "d3-transition": {
      "version": "1.3.2",
      "resolved": "https://registry.npmjs.org/d3-transition/-/d3-transition-1.3.2.tgz",
      "integrity": "sha512-sc0gRU4PFqZ47lPVHloMn9tlPcv8jxgOQg+0zjhfZXMQuvppjG6YuwdMBE0TuqCZjeJkLecku/l9R0JPcRhaDA==",
      "requires": {
        "d3-color": "1",
        "d3-dispatch": "1",
        "d3-ease": "1",
        "d3-interpolate": "1",
        "d3-selection": "^1.1.0",
        "d3-timer": "1"
      }
    },
    "interactjs": {
      "version": "1.9.10",
      "resolved": "https://registry.npmjs.org/interactjs/-/interactjs-1.9.10.tgz",
      "integrity": "sha512-vz5f9mzEyaFyPA3EcbfPcIafgWg8EMz1B4Djt1W9AMa+yVr2m+ubPj/Qm5s8O8evUc4Feth1Z+KkJzoFTCa+pg==",
      "requires": {
        "@interactjs/interactjs": "1.9.10",
        "@interactjs/types": "1.9.10"
      }
    }
  }
}
